
Microsoft Visual Studio Solution File, Format Version 12.00
# Visual Studio Version 17
VisualStudioVersion = 17.9.34723.18
MinimumVisualStudioVersion = 10.0.40219.1
Project("{FAE04EC0-301F-11D3-BF4B-00C04F79EFBC}") = "Assign_Conditions_Loops", "Assign_Conditions_Loops.csproj", "{2D50CEEC-EB59-4A94-A575-68401C02A275}"
EndProject
Global
	GlobalSection(SolutionConfigurationPlatforms) = preSolution
		Debug|Any CPU = Debug|Any CPU
		Release|Any CPU = Release|Any CPU
	EndGlobalSection
	GlobalSection(ProjectConfigurationPlatforms) = postSolution
		{2D50CEEC-EB59-4A94-A575-68401C02A275}.Debug|Any CPU.ActiveCfg = Debug|Any CPU
		{2D50CEEC-EB59-4A94-A575-68401C02A275}.Debug|Any CPU.Build.0 = Debug|Any CPU
		{2D50CEEC-EB59-4A94-A575-68401C02A275}.Release|Any CPU.ActiveCfg = Release|Any CPU
		{2D50CEEC-EB59-4A94-A575-68401C02A275}.Release|Any CPU.Build.0 = Release|Any CPU
	EndGlobalSection
	GlobalSection(SolutionProperties) = preSolution
		HideSolutionNode = FALSE
	EndGlobalSection
	GlobalSection(ExtensibilityGlobals) = postSolution
		SolutionGuid = {2E960D50-1E44-4F1E-96AD-508026D30C20}
	EndGlobalSection
EndGlobal
